---
name: Cuprum::Matching::MatchClause#block
parent_path: cuprum/matching/match-clause
signature: block
slug: block
constructor: false
data_path: cuprum/matching/match-clause/i-block
returns:
- description: the current value of block
  type:
  - name: Object
short_description: Returns the value of attribute block
version: '1.1'
